
Microsoft Visual Studio Solution File, Format Version 12.00
# Visual Studio Version 17
VisualStudioVersion = 17.14.36518.9
MinimumVisualStudioVersion = 10.0.40219.1
Project("{2150E333-8FDC-42A3-9474-1A3956D46DE8}") = "Services", "Services", "{02EA681E-C7D8-13C7-8484-4AC65E1B71E8}"
EndProject
Project("{2150E333-8FDC-42A3-9474-1A3956D46DE8}") = "Catalog", "Catalog", "{9E6C3A3C-BED5-41B8-AF4C-56ECE02C5EB9}"
EndProject
Project("{FAE04EC0-301F-11D3-BF4B-00C04F79EFBC}") = "Catalog.API", "Services\Catalog\Catalog.API\Catalog.API.csproj", "{675A1197-80E1-48CF-AA5D-401AF36F77C0}"
EndProject
Project("{FAE04EC0-301F-11D3-BF4B-00C04F79EFBC}") = "Catalog.Application", "Services\Catalog\Catalog.Application\Catalog.Application.csproj", "{2B3CDCDE-E7BF-405A-A575-19F3759444C3}"
EndProject
Project("{FAE04EC0-301F-11D3-BF4B-00C04F79EFBC}") = "Catalog.Core", "Services\Catalog\Catalog.Core\Catalog.Core.csproj", "{B07C17B4-5A14-4556-A5BD-EA1197C8F295}"
EndProject
Project("{FAE04EC0-301F-11D3-BF4B-00C04F79EFBC}") = "Catalog.Infrastructure", "Services\Catalog\Catalog.Infrastructure\Catalog.Infrastructure.csproj", "{AC26EF72-72E2-4C86-B34A-7ADFB495D011}"
EndProject
Project("{E53339B2-1760-4266-BCC7-CA923CBCF16C}") = "docker-compose", "docker-compose.dcproj", "{81DDED9D-158B-E303-5F62-77A2896D2A5A}"
EndProject
Project("{2150E333-8FDC-42A3-9474-1A3956D46DE8}") = "Basket", "Basket", "{0A0A9FA9-9469-4AF4-ACBB-C5337B0BAB09}"
EndProject
Project("{FAE04EC0-301F-11D3-BF4B-00C04F79EFBC}") = "Basket.API", "Services\Basket\Basket.API\Basket.API.csproj", "{09D76934-01F7-4625-B87C-2CC266C8B1FB}"
EndProject
Project("{FAE04EC0-301F-11D3-BF4B-00C04F79EFBC}") = "Basket.Core", "Services\Basket\Basket.Core\Basket.Core.csproj", "{877742BA-2670-45ED-AB80-87B37DF2D725}"
EndProject
Project("{FAE04EC0-301F-11D3-BF4B-00C04F79EFBC}") = "Basket.Application", "Services\Basket\Basket.Application\Basket.Application.csproj", "{217AAE92-9DCD-4CE2-A47D-9A7466B81798}"
EndProject
Project("{FAE04EC0-301F-11D3-BF4B-00C04F79EFBC}") = "Basket.Infrastructure", "Services\Basket\Basket.Infrastructure\Basket.Infrastructure.csproj", "{D6356FA7-BEA7-4005-A249-87ABEF342502}"
EndProject
Project("{2150E333-8FDC-42A3-9474-1A3956D46DE8}") = "Discount", "Discount", "{D7BE94C2-5343-4594-AEE3-1E57CF5671EA}"
EndProject
Project("{FAE04EC0-301F-11D3-BF4B-00C04F79EFBC}") = "Discount.API", "Services\Discount\Discount.API\Discount.API.csproj", "{9C16CF42-DA07-4306-94B2-F800A4562BC9}"
EndProject
Project("{FAE04EC0-301F-11D3-BF4B-00C04F79EFBC}") = "Discount.Application", "Services\Discount\Discount.Application\Discount.Application.csproj", "{D38CDE29-10BC-417E-A84B-CE479C53DE87}"
EndProject
Project("{FAE04EC0-301F-11D3-BF4B-00C04F79EFBC}") = "Discount.Infrastructure", "Services\Discount\Discount.Infrastructure\Discount.Infrastructure.csproj", "{1AE33495-A6AC-4C9B-8A28-2F42B8D8AD17}"
EndProject
Project("{FAE04EC0-301F-11D3-BF4B-00C04F79EFBC}") = "Discount.Core", "Services\Discount\Discount.Core\Discount.Core.csproj", "{22899BDA-D316-32D2-0241-F339819F27BC}"
EndProject
Project("{2150E333-8FDC-42A3-9474-1A3956D46DE8}") = "Ordering", "Ordering", "{7EABEE6B-A1C6-4A0F-B381-85FF9CB5F5B8}"
EndProject
Project("{FAE04EC0-301F-11D3-BF4B-00C04F79EFBC}") = "Ordering.API", "Services\Ordering\Ordering.API\Ordering.API.csproj", "{061D7FBE-A811-4776-BE3B-FDF4245BF93A}"
EndProject
Project("{FAE04EC0-301F-11D3-BF4B-00C04F79EFBC}") = "Ordering.Core", "Services\Ordering\Ordering.Core\Ordering.Core.csproj", "{FCD4A7C7-D4F0-4C34-BB9A-1F529FD2256D}"
EndProject
Project("{FAE04EC0-301F-11D3-BF4B-00C04F79EFBC}") = "Ordering.Application", "Services\Ordering\Ordering.Application\Ordering.Application.csproj", "{9158E9B8-8F37-4DE9-ACC0-02DCD0B69317}"
EndProject
Project("{FAE04EC0-301F-11D3-BF4B-00C04F79EFBC}") = "Ordering.Infrastructure", "Services\Ordering\Ordering.Infrastructure\Ordering.Infrastructure.csproj", "{6DDB870C-A7EB-4F7C-95CC-1F86A89C4CF4}"
EndProject
Project("{2150E333-8FDC-42A3-9474-1A3956D46DE8}") = "Infrastructure", "Infrastructure", "{3A563059-3C93-4F94-B6FB-74E117292C25}"
EndProject
Project("{FAE04EC0-301F-11D3-BF4B-00C04F79EFBC}") = "EventBus.Messages", "Infrastructure\EventBus.Messages\EventBus.Messages.csproj", "{C961AD77-2570-412A-B297-6BA667716499}"
EndProject
Project("{FAE04EC0-301F-11D3-BF4B-00C04F79EFBC}") = "Common.Logging", "Infrastructure\Common.Logging\Common.Logging.csproj", "{01DB03E7-705B-418B-A915-C0A19839D2D2}"
EndProject
Global
	GlobalSection(SolutionConfigurationPlatforms) = preSolution
		Debug|Any CPU = Debug|Any CPU
		Release|Any CPU = Release|Any CPU
	EndGlobalSection
	GlobalSection(ProjectConfigurationPlatforms) = postSolution
		{675A1197-80E1-48CF-AA5D-401AF36F77C0}.Debug|Any CPU.ActiveCfg = Debug|Any CPU
		{675A1197-80E1-48CF-AA5D-401AF36F77C0}.Debug|Any CPU.Build.0 = Debug|Any CPU
		{675A1197-80E1-48CF-AA5D-401AF36F77C0}.Release|Any CPU.ActiveCfg = Release|Any CPU
		{675A1197-80E1-48CF-AA5D-401AF36F77C0}.Release|Any CPU.Build.0 = Release|Any CPU
		{2B3CDCDE-E7BF-405A-A575-19F3759444C3}.Debug|Any CPU.ActiveCfg = Debug|Any CPU
		{2B3CDCDE-E7BF-405A-A575-19F3759444C3}.Debug|Any CPU.Build.0 = Debug|Any CPU
		{2B3CDCDE-E7BF-405A-A575-19F3759444C3}.Release|Any CPU.ActiveCfg = Release|Any CPU
		{2B3CDCDE-E7BF-405A-A575-19F3759444C3}.Release|Any CPU.Build.0 = Release|Any CPU
		{B07C17B4-5A14-4556-A5BD-EA1197C8F295}.Debug|Any CPU.ActiveCfg = Debug|Any CPU
		{B07C17B4-5A14-4556-A5BD-EA1197C8F295}.Debug|Any CPU.Build.0 = Debug|Any CPU
		{B07C17B4-5A14-4556-A5BD-EA1197C8F295}.Release|Any CPU.ActiveCfg = Release|Any CPU
		{B07C17B4-5A14-4556-A5BD-EA1197C8F295}.Release|Any CPU.Build.0 = Release|Any CPU
		{AC26EF72-72E2-4C86-B34A-7ADFB495D011}.Debug|Any CPU.ActiveCfg = Debug|Any CPU
		{AC26EF72-72E2-4C86-B34A-7ADFB495D011}.Debug|Any CPU.Build.0 = Debug|Any CPU
		{AC26EF72-72E2-4C86-B34A-7ADFB495D011}.Release|Any CPU.ActiveCfg = Release|Any CPU
		{AC26EF72-72E2-4C86-B34A-7ADFB495D011}.Release|Any CPU.Build.0 = Release|Any CPU
		{81DDED9D-158B-E303-5F62-77A2896D2A5A}.Debug|Any CPU.ActiveCfg = Debug|Any CPU
		{81DDED9D-158B-E303-5F62-77A2896D2A5A}.Debug|Any CPU.Build.0 = Debug|Any CPU
		{81DDED9D-158B-E303-5F62-77A2896D2A5A}.Release|Any CPU.ActiveCfg = Release|Any CPU
		{81DDED9D-158B-E303-5F62-77A2896D2A5A}.Release|Any CPU.Build.0 = Release|Any CPU
		{09D76934-01F7-4625-B87C-2CC266C8B1FB}.Debug|Any CPU.ActiveCfg = Debug|Any CPU
		{09D76934-01F7-4625-B87C-2CC266C8B1FB}.Debug|Any CPU.Build.0 = Debug|Any CPU
		{09D76934-01F7-4625-B87C-2CC266C8B1FB}.Release|Any CPU.ActiveCfg = Release|Any CPU
		{09D76934-01F7-4625-B87C-2CC266C8B1FB}.Release|Any CPU.Build.0 = Release|Any CPU
		{877742BA-2670-45ED-AB80-87B37DF2D725}.Debug|Any CPU.ActiveCfg = Debug|Any CPU
		{877742BA-2670-45ED-AB80-87B37DF2D725}.Debug|Any CPU.Build.0 = Debug|Any CPU
		{877742BA-2670-45ED-AB80-87B37DF2D725}.Release|Any CPU.ActiveCfg = Release|Any CPU
		{877742BA-2670-45ED-AB80-87B37DF2D725}.Release|Any CPU.Build.0 = Release|Any CPU
		{217AAE92-9DCD-4CE2-A47D-9A7466B81798}.Debug|Any CPU.ActiveCfg = Debug|Any CPU
		{217AAE92-9DCD-4CE2-A47D-9A7466B81798}.Debug|Any CPU.Build.0 = Debug|Any CPU
		{217AAE92-9DCD-4CE2-A47D-9A7466B81798}.Release|Any CPU.ActiveCfg = Release|Any CPU
		{217AAE92-9DCD-4CE2-A47D-9A7466B81798}.Release|Any CPU.Build.0 = Release|Any CPU
		{D6356FA7-BEA7-4005-A249-87ABEF342502}.Debug|Any CPU.ActiveCfg = Debug|Any CPU
		{D6356FA7-BEA7-4005-A249-87ABEF342502}.Debug|Any CPU.Build.0 = Debug|Any CPU
		{D6356FA7-BEA7-4005-A249-87ABEF342502}.Release|Any CPU.ActiveCfg = Release|Any CPU
		{D6356FA7-BEA7-4005-A249-87ABEF342502}.Release|Any CPU.Build.0 = Release|Any CPU
		{9C16CF42-DA07-4306-94B2-F800A4562BC9}.Debug|Any CPU.ActiveCfg = Debug|Any CPU
		{9C16CF42-DA07-4306-94B2-F800A4562BC9}.Debug|Any CPU.Build.0 = Debug|Any CPU
		{9C16CF42-DA07-4306-94B2-F800A4562BC9}.Release|Any CPU.ActiveCfg = Release|Any CPU
		{9C16CF42-DA07-4306-94B2-F800A4562BC9}.Release|Any CPU.Build.0 = Release|Any CPU
		{D38CDE29-10BC-417E-A84B-CE479C53DE87}.Debug|Any CPU.ActiveCfg = Debug|Any CPU
		{D38CDE29-10BC-417E-A84B-CE479C53DE87}.Debug|Any CPU.Build.0 = Debug|Any CPU
		{D38CDE29-10BC-417E-A84B-CE479C53DE87}.Release|Any CPU.ActiveCfg = Release|Any CPU
		{D38CDE29-10BC-417E-A84B-CE479C53DE87}.Release|Any CPU.Build.0 = Release|Any CPU
		{1AE33495-A6AC-4C9B-8A28-2F42B8D8AD17}.Debug|Any CPU.ActiveCfg = Debug|Any CPU
		{1AE33495-A6AC-4C9B-8A28-2F42B8D8AD17}.Debug|Any CPU.Build.0 = Debug|Any CPU
		{1AE33495-A6AC-4C9B-8A28-2F42B8D8AD17}.Release|Any CPU.ActiveCfg = Release|Any CPU
		{1AE33495-A6AC-4C9B-8A28-2F42B8D8AD17}.Release|Any CPU.Build.0 = Release|Any CPU
		{22899BDA-D316-32D2-0241-F339819F27BC}.Debug|Any CPU.ActiveCfg = Debug|Any CPU
		{22899BDA-D316-32D2-0241-F339819F27BC}.Debug|Any CPU.Build.0 = Debug|Any CPU
		{22899BDA-D316-32D2-0241-F339819F27BC}.Release|Any CPU.ActiveCfg = Release|Any CPU
		{22899BDA-D316-32D2-0241-F339819F27BC}.Release|Any CPU.Build.0 = Release|Any CPU
		{061D7FBE-A811-4776-BE3B-FDF4245BF93A}.Debug|Any CPU.ActiveCfg = Debug|Any CPU
		{061D7FBE-A811-4776-BE3B-FDF4245BF93A}.Debug|Any CPU.Build.0 = Debug|Any CPU
		{061D7FBE-A811-4776-BE3B-FDF4245BF93A}.Release|Any CPU.ActiveCfg = Release|Any CPU
		{061D7FBE-A811-4776-BE3B-FDF4245BF93A}.Release|Any CPU.Build.0 = Release|Any CPU
		{FCD4A7C7-D4F0-4C34-BB9A-1F529FD2256D}.Debug|Any CPU.ActiveCfg = Debug|Any CPU
		{FCD4A7C7-D4F0-4C34-BB9A-1F529FD2256D}.Debug|Any CPU.Build.0 = Debug|Any CPU
		{FCD4A7C7-D4F0-4C34-BB9A-1F529FD2256D}.Release|Any CPU.ActiveCfg = Release|Any CPU
		{FCD4A7C7-D4F0-4C34-BB9A-1F529FD2256D}.Release|Any CPU.Build.0 = Release|Any CPU
		{9158E9B8-8F37-4DE9-ACC0-02DCD0B69317}.Debug|Any CPU.ActiveCfg = Debug|Any CPU
		{9158E9B8-8F37-4DE9-ACC0-02DCD0B69317}.Debug|Any CPU.Build.0 = Debug|Any CPU
		{9158E9B8-8F37-4DE9-ACC0-02DCD0B69317}.Release|Any CPU.ActiveCfg = Release|Any CPU
		{9158E9B8-8F37-4DE9-ACC0-02DCD0B69317}.Release|Any CPU.Build.0 = Release|Any CPU
		{6DDB870C-A7EB-4F7C-95CC-1F86A89C4CF4}.Debug|Any CPU.ActiveCfg = Debug|Any CPU
		{6DDB870C-A7EB-4F7C-95CC-1F86A89C4CF4}.Debug|Any CPU.Build.0 = Debug|Any CPU
		{6DDB870C-A7EB-4F7C-95CC-1F86A89C4CF4}.Release|Any CPU.ActiveCfg = Release|Any CPU
		{6DDB870C-A7EB-4F7C-95CC-1F86A89C4CF4}.Release|Any CPU.Build.0 = Release|Any CPU
		{C961AD77-2570-412A-B297-6BA667716499}.Debug|Any CPU.ActiveCfg = Debug|Any CPU
		{C961AD77-2570-412A-B297-6BA667716499}.Debug|Any CPU.Build.0 = Debug|Any CPU
		{C961AD77-2570-412A-B297-6BA667716499}.Release|Any CPU.ActiveCfg = Release|Any CPU
		{C961AD77-2570-412A-B297-6BA667716499}.Release|Any CPU.Build.0 = Release|Any CPU
		{01DB03E7-705B-418B-A915-C0A19839D2D2}.Debug|Any CPU.ActiveCfg = Debug|Any CPU
		{01DB03E7-705B-418B-A915-C0A19839D2D2}.Debug|Any CPU.Build.0 = Debug|Any CPU
		{01DB03E7-705B-418B-A915-C0A19839D2D2}.Release|Any CPU.ActiveCfg = Release|Any CPU
		{01DB03E7-705B-418B-A915-C0A19839D2D2}.Release|Any CPU.Build.0 = Release|Any CPU
	EndGlobalSection
	GlobalSection(SolutionProperties) = preSolution
		HideSolutionNode = FALSE
	EndGlobalSection
	GlobalSection(NestedProjects) = preSolution
		{9E6C3A3C-BED5-41B8-AF4C-56ECE02C5EB9} = {02EA681E-C7D8-13C7-8484-4AC65E1B71E8}
		{675A1197-80E1-48CF-AA5D-401AF36F77C0} = {9E6C3A3C-BED5-41B8-AF4C-56ECE02C5EB9}
		{2B3CDCDE-E7BF-405A-A575-19F3759444C3} = {9E6C3A3C-BED5-41B8-AF4C-56ECE02C5EB9}
		{B07C17B4-5A14-4556-A5BD-EA1197C8F295} = {9E6C3A3C-BED5-41B8-AF4C-56ECE02C5EB9}
		{AC26EF72-72E2-4C86-B34A-7ADFB495D011} = {9E6C3A3C-BED5-41B8-AF4C-56ECE02C5EB9}
		{0A0A9FA9-9469-4AF4-ACBB-C5337B0BAB09} = {02EA681E-C7D8-13C7-8484-4AC65E1B71E8}
		{09D76934-01F7-4625-B87C-2CC266C8B1FB} = {0A0A9FA9-9469-4AF4-ACBB-C5337B0BAB09}
		{877742BA-2670-45ED-AB80-87B37DF2D725} = {0A0A9FA9-9469-4AF4-ACBB-C5337B0BAB09}
		{217AAE92-9DCD-4CE2-A47D-9A7466B81798} = {0A0A9FA9-9469-4AF4-ACBB-C5337B0BAB09}
		{D6356FA7-BEA7-4005-A249-87ABEF342502} = {0A0A9FA9-9469-4AF4-ACBB-C5337B0BAB09}
		{D7BE94C2-5343-4594-AEE3-1E57CF5671EA} = {02EA681E-C7D8-13C7-8484-4AC65E1B71E8}
		{9C16CF42-DA07-4306-94B2-F800A4562BC9} = {D7BE94C2-5343-4594-AEE3-1E57CF5671EA}
		{D38CDE29-10BC-417E-A84B-CE479C53DE87} = {D7BE94C2-5343-4594-AEE3-1E57CF5671EA}
		{1AE33495-A6AC-4C9B-8A28-2F42B8D8AD17} = {D7BE94C2-5343-4594-AEE3-1E57CF5671EA}
		{22899BDA-D316-32D2-0241-F339819F27BC} = {D7BE94C2-5343-4594-AEE3-1E57CF5671EA}
		{7EABEE6B-A1C6-4A0F-B381-85FF9CB5F5B8} = {02EA681E-C7D8-13C7-8484-4AC65E1B71E8}
		{061D7FBE-A811-4776-BE3B-FDF4245BF93A} = {7EABEE6B-A1C6-4A0F-B381-85FF9CB5F5B8}
		{FCD4A7C7-D4F0-4C34-BB9A-1F529FD2256D} = {7EABEE6B-A1C6-4A0F-B381-85FF9CB5F5B8}
		{9158E9B8-8F37-4DE9-ACC0-02DCD0B69317} = {7EABEE6B-A1C6-4A0F-B381-85FF9CB5F5B8}
		{6DDB870C-A7EB-4F7C-95CC-1F86A89C4CF4} = {7EABEE6B-A1C6-4A0F-B381-85FF9CB5F5B8}
		{C961AD77-2570-412A-B297-6BA667716499} = {3A563059-3C93-4F94-B6FB-74E117292C25}
		{01DB03E7-705B-418B-A915-C0A19839D2D2} = {3A563059-3C93-4F94-B6FB-74E117292C25}
	EndGlobalSection
	GlobalSection(ExtensibilityGlobals) = postSolution
		SolutionGuid = {FC39DA2C-0E68-49E4-B9C4-A4058D5BE300}
	EndGlobalSection
EndGlobal
